
Microsoft Visual Studio Solution File, Format Version 12.00
# Visual Studio Version 17
VisualStudioVersion = 17.6.33801.468
MinimumVisualStudioVersion = 10.0.40219.1
Project("{FAE04EC0-301F-11D3-BF4B-00C04F79EFBC}") = "Product & Reviews", "Product & Reviews\Product & Reviews.csproj", "{7C62F646-ADC7-4A79-8EB5-FDA88A2F8444}"
EndProject
Global
	GlobalSection(SolutionConfigurationPlatforms) = preSolution
		Debug|Any CPU = Debug|Any CPU
		Release|Any CPU = Release|Any CPU
	EndGlobalSection
	GlobalSection(ProjectConfigurationPlatforms) = postSolution
		{7C62F646-ADC7-4A79-8EB5-FDA88A2F8444}.Debug|Any CPU.ActiveCfg = Debug|Any CPU
		{7C62F646-ADC7-4A79-8EB5-FDA88A2F8444}.Debug|Any CPU.Build.0 = Debug|Any CPU
		{7C62F646-ADC7-4A79-8EB5-FDA88A2F8444}.Release|Any CPU.ActiveCfg = Release|Any CPU
		{7C62F646-ADC7-4A79-8EB5-FDA88A2F8444}.Release|Any CPU.Build.0 = Release|Any CPU
	EndGlobalSection
	GlobalSection(SolutionProperties) = preSolution
		HideSolutionNode = FALSE
	EndGlobalSection
	GlobalSection(ExtensibilityGlobals) = postSolution
		SolutionGuid = {CF63B569-F818-4723-AD48-C3364E77D64B}
	EndGlobalSection
EndGlobal
